// !$*UTF8*$!
{
	archiveVersion = 1;
	classes = {
	};
	objectVersion = 56;
	objects = {

/* Begin PBXBuildFile section */
		2459BF692A3F5BD30086AB40 /* project2basicsApp.swift in Sources */ = {isa = PBXBuildFile; fileRef = 2459BF682A3F5BD30086AB40 /* project2basicsApp.swift */; };
		2459BF6B2A3F5BD30086AB40 /* ContentView.swift in Sources */ = {isa = PBXBuildFile; fileRef = 2459BF6A2A3F5BD30086AB40 /* ContentView.swift */; };
		2459BF6D2A3F5BD40086AB40 /* Assets.xcassets in Resources */ = {isa = PBXBuildFile; fileRef = 2459BF6C2A3F5BD40086AB40 /* Assets.xcassets */; };
		2459BF702A3F5BD40086AB40 /* Preview Assets.xcassets in Resources */ = {isa = PBXBuildFile; fileRef = 2459BF6F2A3F5BD40086AB40 /* Preview Assets.xcassets */; };
		2459BF7A2A3F5BD40086AB40 /* project2basicsTests.swift in Sources */ = {isa = PBXBuildFile; fileRef = 2459BF792A3F5BD40086AB40 /* project2basicsTests.swift */; };
		2459BF842A3F5BD40086AB40 /* project2basicsUITests.swift in Sources */ = {isa = PBXBuildFile; fileRef = 2459BF832A3F5BD40086AB40 /* project2basicsUITests.swift */; };
		2459BF862A3F5BD40086AB40 /* project2basicsUITestsLaunchTests.swift in Sources */ = {isa = PBXBuildFile; fileRef = 2459BF852A3F5BD40086AB40 /* project2basicsUITestsLaunchTests.swift */; };
/* End PBXBuildFile section */

/* Begin PBXContainerItemProxy section */
		2459BF762A3F5BD40086AB40 /* PBXContainerItemProxy */ = {
			isa = PBXContainerItemProxy;
			containerPortal = 2459BF5D2A3F5BD30086AB40 /* Project object */;
			proxyType = 1;
			remoteGlobalIDString = 2459BF642A3F5BD30086AB40;
			remoteInfo = project2basics;
		};
		2459BF802A3F5BD40086AB40 /* PBXContainerItemProxy */ = {
			isa = PBXContainerItemProxy;
			containerPortal = 2459BF5D2A3F5BD30086AB40 /* Project object */;
			proxyType = 1;
			remoteGlobalIDString = 2459BF642A3F5BD30086AB40;
			remoteInfo = project2basics;
		};
/* End PBXContainerItemProxy section */

/* Begin PBXFileReference section */
		2459BF652A3F5BD30086AB40 /* project2basics.app */ = {isa = PBXFileReference; explicitFileType = wrapper.application; includeInIndex = 0; path = project2basics.app; sourceTree = BUILT_PRODUCTS_DIR; };
		2459BF682A3F5BD30086AB40 /* project2basicsApp.swift */ = {isa = PBXFileReference; lastKnownFileType = sourcecode.swift; path = project2basicsApp.swift; sourceTree = "<group>"; };
		2459BF6A2A3F5BD30086AB40 /* ContentView.swift */ = {isa = PBXFileReference; lastKnownFileType = sourcecode.swift; path = ContentView.swift; sourceTree = "<group>"; };
		2459BF6C2A3F5BD40086AB40 /* Assets.xcassets */ = {isa = PBXFileReference; lastKnownFileType = folder.assetcatalog; path = Assets.xcassets; sourceTree = "<group>"; };
		2459BF6F2A3F5BD40086AB40 /* Preview Assets.xcassets */ = {isa = PBXFileReference; lastKnownFileType = folder.assetcatalog; path = "Preview Assets.xcassets"; sourceTree = "<group>"; };
		2459BF752A3F5BD40086AB40 /* project2basicsTests.xctest */ = {isa = PBXFileReference; explicitFileType = wrapper.cfbundle; includeInIndex = 0; path = project2basicsTests.xctest; sourceTree = BUILT_PRODUCTS_DIR; };
		2459BF792A3F5BD40086AB40 /* project2basicsTests.swift */ = {isa = PBXFileReference; lastKnownFileType = sourcecode.swift; path = project2basicsTests.swift; sourceTree = "<group>"; };
		2459BF7F2A3F5BD40086AB40 /* project2basicsUITests.xctest */ = {isa = PBXFileReference; explicitFileType = wrapper.cfbundle; includeInIndex = 0; path = project2basicsUITests.xctest; sourceTree = BUILT_PRODUCTS_DIR; };
		2459BF832A3F5BD40086AB40 /* project2basicsUITests.swift */ = {isa = PBXFileReference; lastKnownFileType = sourcecode.swift; path = project2basicsUITests.swift; sourceTree = "<group>"; };
		2459BF852A3F5BD40086AB40 /* project2basicsUITestsLaunchTests.swift */ = {isa = PBXFileReference; lastKnownFileType = sourcecode.swift; path = project2basicsUITestsLaunchTests.swift; sourceTree = "<group>"; };
/* End PBXFileReference section */

/* Begin PBXFrameworksBuildPhase section */
		2459BF622A3F5BD30086AB40 /* Frameworks */ = {
			isa = PBXFrameworksBuildPhase;
			buildActionMask = 2147483647;
			files = (
			);
			runOnlyForDeploymentPostprocessing = 0;
		};
		2459BF722A3F5BD40086AB40 /* Frameworks */ = {
			isa = PBXFrameworksBuildPhase;
			buildActionMask = 2147483647;
			files = (
			);
			runOnlyForDeploymentPostprocessing = 0;
		};
		2459BF7C2A3F5BD40086AB40 /* Frameworks */ = {
			isa = PBXFrameworksBuildPhase;
			buildActionMask = 2147483647;
			files = (
			);
			runOnlyForDeploymentPostprocessing = 0;
		};
/* End PBXFrameworksBuildPhase section */

/* Begin PBXGroup section */
		2459BF5C2A3F5BD30086AB40 = {
			isa = PBXGroup;
			children = (
				2459BF672A3F5BD30086AB40 /* project2basics */,
				2459BF782A3F5BD40086AB40 /* project2basicsTests */,
				2459BF822A3F5BD40086AB40 /* project2basicsUITests */,
				2459BF662A3F5BD30086AB40 /* Products */,
			);
			sourceTree = "<group>";
		};
		2459BF662A3F5BD30086AB40 /* Products */ = {
			isa = PBXGroup;
			children = (
				2459BF652A3F5BD30086AB40 /* project2basics.app */,
				2459BF752A3F5BD40086AB40 /* project2basicsTests.xctest */,
				2459BF7F2A3F5BD40086AB40 /* project2basicsUITests.xctest */,
			);
			name = Products;
			sourceTree = "<group>";
		};
		2459BF672A3F5BD30086AB40 /* project2basics */ = {
			isa = PBXGroup;
			children = (
				2459BF682A3F5BD30086AB40 /* project2basicsApp.swift */,
				2459BF6A2A3F5BD30086AB40 /* ContentView.swift */,
				2459BF6C2A3F5BD40086AB40 /* Assets.xcassets */,
				2459BF6E2A3F5BD40086AB40 /* Preview Content */,
			);
			path = project2basics;
			sourceTree = "<group>";
		};
		2459BF6E2A3F5BD40086AB40 /* Preview Content */ = {
			isa = PBXGroup;
			children = (
				2459BF6F2A3F5BD40086AB40 /* Preview Assets.xcassets */,
			);
			path = "Preview Content";
			sourceTree = "<group>";
		};
		2459BF782A3F5BD40086AB40 /* project2basicsTests */ = {
			isa = PBXGroup;
			children = (
				2459BF792A3F5BD40086AB40 /* project2basicsTests.swift */,
			);
			path = project2basicsTests;
			sourceTree = "<group>";
		};
		2459BF822A3F5BD40086AB40 /* project2basicsUITests */ = {
			isa = PBXGroup;
			children = (
				2459BF832A3F5BD40086AB40 /* project2basicsUITests.swift */,
				2459BF852A3F5BD40086AB40 /* project2basicsUITestsLaunchTests.swift */,
			);
			path = project2basicsUITests;
			sourceTree = "<group>";
		};
/* End PBXGroup section */

/* Begin PBXNativeTarget section */
		2459BF642A3F5BD30086AB40 /* project2basics */ = {
			isa = PBXNativeTarget;
			buildConfigurationList = 2459BF892A3F5BD40086AB40 /* Build configuration list for PBXNativeTarget "project2basics" */;
			buildPhases = (
				2459BF612A3F5BD30086AB40 /* Sources */,
				2459BF622A3F5BD30086AB40 /* Frameworks */,
				2459BF632A3F5BD30086AB40 /* Resources */,
			);
			buildRules = (
			);
			dependencies = (
			);
			name = project2basics;
			productName = project2basics;
			productReference = 2459BF652A3F5BD30086AB40 /* project2basics.app */;
			productType = "com.apple.product-type.application";
		};
		2459BF742A3F5BD40086AB40 /* project2basicsTests */ = {
			isa = PBXNativeTarget;
			buildConfigurationList = 2459BF8C2A3F5BD40086AB40 /* Build configuration list for PBXNativeTarget "project2basicsTests" */;
			buildPhases = (
				2459BF712A3F5BD40086AB40 /* Sources */,
				2459BF722A3F5BD40086AB40 /* Frameworks */,
				2459BF732A3F5BD40086AB40 /* Resources */,
			);
			buildRules = (
			);
			dependencies = (
				2459BF772A3F5BD40086AB40 /* PBXTargetDependency */,
			);
			name = project2basicsTests;
			productName = project2basicsTests;
			productReference = 2459BF752A3F5BD40086AB40 /* project2basicsTests.xctest */;
			productType = "com.apple.product-type.bundle.unit-test";
		};
		2459BF7E2A3F5BD40086AB40 /* project2basicsUITests */ = {
			isa = PBXNativeTarget;
			buildConfigurationList = 2459BF8F2A3F5BD40086AB40 /* Build configuration list for PBXNativeTarget "project2basicsUITests" */;
			buildPhases = (
				2459BF7B2A3F5BD40086AB40 /* Sources */,
				2459BF7C2A3F5BD40086AB40 /* Frameworks */,
				2459BF7D2A3F5BD40086AB40 /* Resources */,
			);
			buildRules = (
			);
			dependencies = (
				2459BF812A3F5BD40086AB40 /* PBXTargetDependency */,
			);
			name = project2basicsUITests;
			productName = project2basicsUITests;
			productReference = 2459BF7F2A3F5BD40086AB40 /* project2basicsUITests.xctest */;
			productType = "com.apple.product-type.bundle.ui-testing";
		};
/* End PBXNativeTarget section */

/* Begin PBXProject section */
		2459BF5D2A3F5BD30086AB40 /* Project object */ = {
			isa = PBXProject;
			attributes = {
				BuildIndependentTargetsInParallel = 1;
				LastSwiftUpdateCheck = 1430;
				LastUpgradeCheck = 1430;
				TargetAttributes = {
					2459BF642A3F5BD30086AB40 = {
						CreatedOnToolsVersion = 14.3.1;
					};
					2459BF742A3F5BD40086AB40 = {
						CreatedOnToolsVersion = 14.3.1;
						TestTargetID = 2459BF642A3F5BD30086AB40;
					};
					2459BF7E2A3F5BD40086AB40 = {
						CreatedOnToolsVersion = 14.3.1;
						TestTargetID = 2459BF642A3F5BD30086AB40;
					};
				};
			};
			buildConfigurationList = 2459BF602A3F5BD30086AB40 /* Build configuration list for PBXProject "project2basics" */;
			compatibilityVersion = "Xcode 14.0";
			developmentRegion = en;
			hasScannedForEncodings = 0;
			knownRegions = (
				en,
				Base,
			);
			mainGroup = 2459BF5C2A3F5BD30086AB40;
			productRefGroup = 2459BF662A3F5BD30086AB40 /* Products */;
			projectDirPath = "";
			projectRoot = "";
			targets = (
				2459BF642A3F5BD30086AB40 /* project2basics */,
				2459BF742A3F5BD40086AB40 /* project2basicsTests */,
				2459BF7E2A3F5BD40086AB40 /* project2basicsUITests */,
			);
		};
/* End PBXProject section */

/* Begin PBXResourcesBuildPhase section */
		2459BF632A3F5BD30086AB40 /* Resources */ = {
			isa = PBXResourcesBuildPhase;
			buildActionMask = 2147483647;
			files = (
				2459BF702A3F5BD40086AB40 /* Preview Assets.xcassets in Resources */,
				2459BF6D2A3F5BD40086AB40 /* Assets.xcassets in Resources */,
			);
			runOnlyForDeploymentPostprocessing = 0;
		};
		2459BF732A3F5BD40086AB40 /* Resources */ = {
			isa = PBXResourcesBuildPhase;
			buildActionMask = 2147483647;
			files = (
			);
			runOnlyForDeploymentPostprocessing = 0;
		};
		2459BF7D2A3F5BD40086AB40 /* Resources */ = {
			isa = PBXResourcesBuildPhase;
			buildActionMask = 2147483647;
			files = (
			);
			runOnlyForDeploymentPostprocessing = 0;
		};
/* End PBXResourcesBuildPhase section */

/* Begin PBXSourcesBuildPhase section */
		2459BF612A3F5BD30086AB40 /* Sources */ = {
			isa = PBXSourcesBuildPhase;
			buildActionMask = 2147483647;
			files = (
				2459BF6B2A3F5BD30086AB40 /* ContentView.swift in Sources */,
				2459BF692A3F5BD30086AB40 /* project2basicsApp.swift in Sources */,
			);
			runOnlyForDeploymentPostprocessing = 0;
		};
		2459BF712A3F5BD40086AB40 /* Sources */ = {
			isa = PBXSourcesBuildPhase;
			buildActionMask = 2147483647;
			files = (
				2459BF7A2A3F5BD40086AB40 /* project2basicsTests.swift in Sources */,
			);
			runOnlyForDeploymentPostprocessing = 0;
		};
		2459BF7B2A3F5BD40086AB40 /* Sources */ = {
			isa = PBXSourcesBuildPhase;
			buildActionMask = 2147483647;
			files = (
				2459BF862A3F5BD40086AB40 /* project2basicsUITestsLaunchTests.swift in Sources */,
				2459BF842A3F5BD40086AB40 /* project2basicsUITests.swift in Sources */,
			);
			runOnlyForDeploymentPostprocessing = 0;
		};
/* End PBXSourcesBuildPhase section */

/* Begin PBXTargetDependency section */
		2459BF772A3F5BD40086AB40 /* PBXTargetDependency */ = {
			isa = PBXTargetDependency;
			target = 2459BF642A3F5BD30086AB40 /* project2basics */;
			targetProxy = 2459BF762A3F5BD40086AB40 /* PBXContainerItemProxy */;
		};
		2459BF812A3F5BD40086AB40 /* PBXTargetDependency */ = {
			isa = PBXTargetDependency;
			target = 2459BF642A3F5BD30086AB40 /* project2basics */;
			targetProxy = 2459BF802A3F5BD40086AB40 /* PBXContainerItemProxy */;
		};
/* End PBXTargetDependency section */

/* Begin XCBuildConfiguration section */
		2459BF872A3F5BD40086AB40 /* Debug */ = {
			isa = XCBuildConfiguration;
			buildSettings = {
				ALWAYS_SEARCH_USER_PATHS = NO;
				CLANG_ANALYZER_NONNULL = YES;
				CLANG_ANALYZER_NUMBER_OBJECT_CONVERSION = YES_AGGRESSIVE;
				CLANG_CXX_LANGUAGE_STANDARD = "gnu++20";
				CLANG_ENABLE_MODULES = YES;
				CLANG_ENABLE_OBJC_ARC = YES;
				CLANG_ENABLE_OBJC_WEAK = YES;
				CLANG_WARN_BLOCK_CAPTURE_AUTORELEASING = YES;
				CLANG_WARN_BOOL_CONVERSION = YES;
				CLANG_WARN_COMMA = YES;
				CLANG_WARN_CONSTANT_CONVERSION = YES;
				CLANG_WARN_DEPRECATED_OBJC_IMPLEMENTATIONS = YES;
				CLANG_WARN_DIRECT_OBJC_ISA_USAGE = YES_ERROR;
				CLANG_WARN_DOCUMENTATION_COMMENTS = YES;
				CLANG_WARN_EMPTY_BODY = YES;
				CLANG_WARN_ENUM_CONVERSION = YES;
				CLANG_WARN_INFINITE_RECURSION = YES;
				CLANG_WARN_INT_CONVERSION = YES;
				CLANG_WARN_NON_LITERAL_NULL_CONVERSION = YES;
				CLANG_WARN_OBJC_IMPLICIT_RETAIN_SELF = YES;
				CLANG_WARN_OBJC_LITERAL_CONVERSION = YES;
				CLANG_WARN_OBJC_ROOT_CLASS = YES_ERROR;
				CLANG_WARN_QUOTED_INCLUDE_IN_FRAMEWORK_HEADER = YES;
				CLANG_WARN_RANGE_LOOP_ANALYSIS = YES;
				CLANG_WARN_STRICT_PROTOTYPES = YES;
				CLANG_WARN_SUSPICIOUS_MOVE = YES;
				CLANG_WARN_UNGUARDED_AVAILABILITY = YES_AGGRESSIVE;
				CLANG_WARN_UNREACHABLE_CODE = YES;
				CLANG_WARN__DUPLICATE_METHOD_MATCH = YES;
				COPY_PHASE_STRIP = NO;
				DEBUG_INFORMATION_FORMAT = dwarf;
				ENABLE_STRICT_OBJC_MSGSEND = YES;
				ENABLE_TESTABILITY = YES;
				GCC_C_LANGUAGE_STANDARD = gnu11;
				GCC_DYNAMIC_NO_PIC = NO;
				GCC_NO_COMMON_BLOCKS = YES;
				GCC_OPTIMIZATION_LEVEL = 0;
				GCC_PREPROCESSOR_DEFINITIONS = (
					"DEBUG=1",
					"$(inherited)",
				);
				GCC_WARN_64_TO_32_BIT_CONVERSION = YES;
				GCC_WARN_ABOUT_RETURN_TYPE = YES_ERROR;
				GCC_WARN_UNDECLARED_SELECTOR = YES;
				GCC_WARN_UNINITIALIZED_AUTOS = YES_AGGRESSIVE;
				GCC_WARN_UNUSED_FUNCTION = YES;
				GCC_WARN_UNUSED_VARIABLE = YES;
				IPHONEOS_DEPLOYMENT_TARGET = 16.4;
				MTL_ENABLE_DEBUG_INFO = INCLUDE_SOURCE;
				MTL_FAST_MATH = YES;
				ONLY_ACTIVE_ARCH = YES;
				SDKROOT = iphoneos;
				SWIFT_ACTIVE_COMPILATION_CONDITIONS = DEBUG;
				SWIFT_OPTIMIZATION_LEVEL = "-Onone";
			};
			name = Debug;
		};
		2459BF882A3F5BD40086AB40 /* Release */ = {
			isa = XCBuildConfiguration;
			buildSettings = {
				ALWAYS_SEARCH_USER_PATHS = NO;
				CLANG_ANALYZER_NONNULL = YES;
				CLANG_ANALYZER_NUMBER_OBJECT_CONVERSION = YES_AGGRESSIVE;
				CLANG_CXX_LANGUAGE_STANDARD = "gnu++20";
				CLANG_ENABLE_MODULES = YES;
				CLANG_ENABLE_OBJC_ARC = YES;
				CLANG_ENABLE_OBJC_WEAK = YES;
				CLANG_WARN_BLOCK_CAPTURE_AUTORELEASING = YES;
				CLANG_WARN_BOOL_CONVERSION = YES;
				CLANG_WARN_COMMA = YES;
				CLANG_WARN_CONSTANT_CONVERSION = YES;
				CLANG_WARN_DEPRECATED_OBJC_IMPLEMENTATIONS = YES;
				CLANG_WARN_DIRECT_OBJC_ISA_USAGE = YES_ERROR;
				CLANG_WARN_DOCUMENTATION_COMMENTS = YES;
				CLANG_WARN_EMPTY_BODY = YES;
				CLANG_WARN_ENUM_CONVERSION = YES;
				CLANG_WARN_INFINITE_RECURSION = YES;
				CLANG_WARN_INT_CONVERSION = YES;
				CLANG_WARN_NON_LITERAL_NULL_CONVERSION = YES;
				CLANG_WARN_OBJC_IMPLICIT_RETAIN_SELF = YES;
				CLANG_WARN_OBJC_LITERAL_CONVERSION = YES;
				CLANG_WARN_OBJC_ROOT_CLASS = YES_ERROR;
				CLANG_WARN_QUOTED_INCLUDE_IN_FRAMEWORK_HEADER = YES;
				CLANG_WARN_RANGE_LOOP_ANALYSIS = YES;
				CLANG_WARN_STRICT_PROTOTYPES = YES;
				CLANG_WARN_SUSPICIOUS_MOVE = YES;
				CLANG_WARN_UNGUARDED_AVAILABILITY = YES_AGGRESSIVE;
				CLANG_WARN_UNREACHABLE_CODE = YES;
				CLANG_WARN__DUPLICATE_METHOD_MATCH = YES;
				COPY_PHASE_STRIP = NO;
				DEBUG_INFORMATION_FORMAT = "dwarf-with-dsym";
				ENABLE_NS_ASSERTIONS = NO;
				ENABLE_STRICT_OBJC_MSGSEND = YES;
				GCC_C_LANGUAGE_STANDARD = gnu11;
				GCC_NO_COMMON_BLOCKS = YES;
				GCC_WARN_64_TO_32_BIT_CONVERSION = YES;
				GCC_WARN_ABOUT_RETURN_TYPE = YES_ERROR;
				GCC_WARN_UNDECLARED_SELECTOR = YES;
				GCC_WARN_UNINITIALIZED_AUTOS = YES_AGGRESSIVE;
				GCC_WARN_UNUSED_FUNCTION = YES;
				GCC_WARN_UNUSED_VARIABLE = YES;
				IPHONEOS_DEPLOYMENT_TARGET = 16.4;
				MTL_ENABLE_DEBUG_INFO = NO;
				MTL_FAST_MATH = YES;
				SDKROOT = iphoneos;
				SWIFT_COMPILATION_MODE = wholemodule;
				SWIFT_OPTIMIZATION_LEVEL = "-O";
				VALIDATE_PRODUCT = YES;
			};
			name = Release;
		};
		2459BF8A2A3F5BD40086AB40 /* Debug */ = {
			isa = XCBuildConfiguration;
			buildSettings = {
				ASSETCATALOG_COMPILER_APPICON_NAME = AppIcon;
				ASSETCATALOG_COMPILER_GLOBAL_ACCENT_COLOR_NAME = AccentColor;
				CODE_SIGN_STYLE = Automatic;
				CURRENT_PROJECT_VERSION = 1;
				DEVELOPMENT_ASSET_PATHS = "\"project2basics/Preview Content\"";
				ENABLE_PREVIEWS = YES;
				GENERATE_INFOPLIST_FILE = YES;
				INFOPLIST_KEY_UIApplicationSceneManifest_Generation = YES;
				INFOPLIST_KEY_UIApplicationSupportsIndirectInputEvents = YES;
				INFOPLIST_KEY_UILaunchScreen_Generation = YES;
				INFOPLIST_KEY_UISupportedInterfaceOrientations_iPad = "UIInterfaceOrientationPortrait UIInterfaceOrientationPortraitUpsideDown UIInterfaceOrientationLandscapeLeft UIInterfaceOrientationLandscapeRight";
				INFOPLIST_KEY_UISupportedInterfaceOrientations_iPhone = "UIInterfaceOrientationPortrait UIInterfaceOrientationLandscapeLeft UIInterfaceOrientationLandscapeRight";
				LD_RUNPATH_SEARCH_PATHS = (
					"$(inherited)",
					"@executable_path/Frameworks",
				);
				MARKETING_VERSION = 1.0;
				PRODUCT_BUNDLE_IDENTIFIER = FernandoBabonoyaba.project2basics;
				PRODUCT_NAME = "$(TARGET_NAME)";
				SWIFT_EMIT_LOC_STRINGS = YES;
				SWIFT_VERSION = 5.0;
				TARGETED_DEVICE_FAMILY = "1,2";
			};
			name = Debug;
		};
		2459BF8B2A3F5BD40086AB40 /* Release */ = {
			isa = XCBuildConfiguration;
			buildSettings = {
				ASSETCATALOG_COMPILER_APPICON_NAME = AppIcon;
				ASSETCATALOG_COMPILER_GLOBAL_ACCENT_COLOR_NAME = AccentColor;
				CODE_SIGN_STYLE = Automatic;
				CURRENT_PROJECT_VERSION = 1;
				DEVELOPMENT_ASSET_PATHS = "\"project2basics/Preview Content\"";
				ENABLE_PREVIEWS = YES;
				GENERATE_INFOPLIST_FILE = YES;
				INFOPLIST_KEY_UIApplicationSceneManifest_Generation = YES;
				INFOPLIST_KEY_UIApplicationSupportsIndirectInputEvents = YES;
				INFOPLIST_KEY_UILaunchScreen_Generation = YES;
				INFOPLIST_KEY_UISupportedInterfaceOrientations_iPad = "UIInterfaceOrientationPortrait UIInterfaceOrientationPortraitUpsideDown UIInterfaceOrientationLandscapeLeft UIInterfaceOrientationLandscapeRight";
				INFOPLIST_KEY_UISupportedInterfaceOrientations_iPhone = "UIInterfaceOrientationPortrait UIInterfaceOrientationLandscapeLeft UIInterfaceOrientationLandscapeRight";
				LD_RUNPATH_SEARCH_PATHS = (
					"$(inherited)",
					"@executable_path/Frameworks",
				);
				MARKETING_VERSION = 1.0;
				PRODUCT_BUNDLE_IDENTIFIER = FernandoBabonoyaba.project2basics;
				PRODUCT_NAME = "$(TARGET_NAME)";
				SWIFT_EMIT_LOC_STRINGS = YES;
				SWIFT_VERSION = 5.0;
				TARGETED_DEVICE_FAMILY = "1,2";
			};
			name = Release;
		};
		2459BF8D2A3F5BD40086AB40 /* Debug */ = {
			isa = XCBuildConfiguration;
			buildSettings = {
				ALWAYS_EMBED_SWIFT_STANDARD_LIBRARIES = YES;
				BUNDLE_LOADER = "$(TEST_HOST)";
				CODE_SIGN_STYLE = Automatic;
				CURRENT_PROJECT_VERSION = 1;
				GENERATE_INFOPLIST_FILE = YES;
				IPHONEOS_DEPLOYMENT_TARGET = 16.4;
				MARKETING_VERSION = 1.0;
				PRODUCT_BUNDLE_IDENTIFIER = FernandoBabonoyaba.project2basicsTests;
				PRODUCT_NAME = "$(TARGET_NAME)";
				SWIFT_EMIT_LOC_STRINGS = NO;
				SWIFT_VERSION = 5.0;
				TARGETED_DEVICE_FAMILY = "1,2";
				TEST_HOST = "$(BUILT_PRODUCTS_DIR)/project2basics.app/$(BUNDLE_EXECUTABLE_FOLDER_PATH)/project2basics";
			};
			name = Debug;
		};
		2459BF8E2A3F5BD40086AB40 /* Release */ = {
			isa = XCBuildConfiguration;
			buildSettings = {
				ALWAYS_EMBED_SWIFT_STANDARD_LIBRARIES = YES;
				BUNDLE_LOADER = "$(TEST_HOST)";
				CODE_SIGN_STYLE = Automatic;
				CURRENT_PROJECT_VERSION = 1;
				GENERATE_INFOPLIST_FILE = YES;
				IPHONEOS_DEPLOYMENT_TARGET = 16.4;
				MARKETING_VERSION = 1.0;
				PRODUCT_BUNDLE_IDENTIFIER = FernandoBabonoyaba.project2basicsTests;
				PRODUCT_NAME = "$(TARGET_NAME)";
				SWIFT_EMIT_LOC_STRINGS = NO;
				SWIFT_VERSION = 5.0;
				TARGETED_DEVICE_FAMILY = "1,2";
				TEST_HOST = "$(BUILT_PRODUCTS_DIR)/project2basics.app/$(BUNDLE_EXECUTABLE_FOLDER_PATH)/project2basics";
			};
			name = Release;
		};
		2459BF902A3F5BD40086AB40 /* Debug */ = {
			isa = XCBuildConfiguration;
			buildSettings = {
				ALWAYS_EMBED_SWIFT_STANDARD_LIBRARIES = YES;
				CODE_SIGN_STYLE = Automatic;
				CURRENT_PROJECT_VERSION = 1;
				GENERATE_INFOPLIST_FILE = YES;
				MARKETING_VERSION = 1.0;
				PRODUCT_BUNDLE_IDENTIFIER = FernandoBabonoyaba.project2basicsUITests;
				PRODUCT_NAME = "$(TARGET_NAME)";
				SWIFT_EMIT_LOC_STRINGS = NO;
				SWIFT_VERSION = 5.0;
				TARGETED_DEVICE_FAMILY = "1,2";
				TEST_TARGET_NAME = project2basics;
			};
			name = Debug;
		};
		2459BF912A3F5BD40086AB40 /* Release */ = {
			isa = XCBuildConfiguration;
			buildSettings = {
				ALWAYS_EMBED_SWIFT_STANDARD_LIBRARIES = YES;
				CODE_SIGN_STYLE = Automatic;
				CURRENT_PROJECT_VERSION = 1;
				GENERATE_INFOPLIST_FILE = YES;
				MARKETING_VERSION = 1.0;
				PRODUCT_BUNDLE_IDENTIFIER = FernandoBabonoyaba.project2basicsUITests;
				PRODUCT_NAME = "$(TARGET_NAME)";
				SWIFT_EMIT_LOC_STRINGS = NO;
				SWIFT_VERSION = 5.0;
				TARGETED_DEVICE_FAMILY = "1,2";
				TEST_TARGET_NAME = project2basics;
			};
			name = Release;
		};
/* End XCBuildConfiguration section */

/* Begin XCConfigurationList section */
		2459BF602A3F5BD30086AB40 /* Build configuration list for PBXProject "project2basics" */ = {
			isa = XCConfigurationList;
			buildConfigurations = (
				2459BF872A3F5BD40086AB40 /* Debug */,
				2459BF882A3F5BD40086AB40 /* Release */,
			);
			defaultConfigurationIsVisible = 0;
			defaultConfigurationName = Release;
		};
		2459BF892A3F5BD40086AB40 /* Build configuration list for PBXNativeTarget "project2basics" */ = {
			isa = XCConfigurationList;
			buildConfigurations = (
				2459BF8A2A3F5BD40086AB40 /* Debug */,
				2459BF8B2A3F5BD40086AB40 /* Release */,
			);
			defaultConfigurationIsVisible = 0;
			defaultConfigurationName = Release;
		};
		2459BF8C2A3F5BD40086AB40 /* Build configuration list for PBXNativeTarget "project2basicsTests" */ = {
			isa = XCConfigurationList;
			buildConfigurations = (
				2459BF8D2A3F5BD40086AB40 /* Debug */,
				2459BF8E2A3F5BD40086AB40 /* Release */,
			);
			defaultConfigurationIsVisible = 0;
			defaultConfigurationName = Release;
		};
		2459BF8F2A3F5BD40086AB40 /* Build configuration list for PBXNativeTarget "project2basicsUITests" */ = {
			isa = XCConfigurationList;
			buildConfigurations = (
				2459BF902A3F5BD40086AB40 /* Debug */,
				2459BF912A3F5BD40086AB40 /* Release */,
			);
			defaultConfigurationIsVisible = 0;
			defaultConfigurationName = Release;
		};
/* End XCConfigurationList section */
	};
	rootObject = 2459BF5D2A3F5BD30086AB40 /* Project object */;
}
