// !$*UTF8*$!
{
	archiveVersion = 1;
	classes = {
	};
	objectVersion = 55;
	objects = {

/* Begin PBXBuildFile section */
		24D63BF52863E77E001A53FA /* AppDelegate.swift in Sources */ = {isa = PBXBuildFile; fileRef = 24D63BF42863E77E001A53FA /* AppDelegate.swift */; };
		24D63BF72863E77E001A53FA /* SceneDelegate.swift in Sources */ = {isa = PBXBuildFile; fileRef = 24D63BF62863E77E001A53FA /* SceneDelegate.swift */; };
		24D63BF92863E77E001A53FA /* ViewController.swift in Sources */ = {isa = PBXBuildFile; fileRef = 24D63BF82863E77E001A53FA /* ViewController.swift */; };
		24D63BFE2863E781001A53FA /* Assets.xcassets in Resources */ = {isa = PBXBuildFile; fileRef = 24D63BFD2863E781001A53FA /* Assets.xcassets */; };
		24D63C012863E781001A53FA /* LaunchScreen.storyboard in Resources */ = {isa = PBXBuildFile; fileRef = 24D63BFF2863E781001A53FA /* LaunchScreen.storyboard */; };
		24D63C0B2863F03F001A53FA /* nssl0033.jpg in Resources */ = {isa = PBXBuildFile; fileRef = 24D63C0A2863F03F001A53FA /* nssl0033.jpg */; };
		24D63C172863F0A0001A53FA /* nssl0034.jpg in Resources */ = {isa = PBXBuildFile; fileRef = 24D63C0D2863F0A0001A53FA /* nssl0034.jpg */; };
		24D63C182863F0A0001A53FA /* nssl0045.jpg in Resources */ = {isa = PBXBuildFile; fileRef = 24D63C0E2863F0A0001A53FA /* nssl0045.jpg */; };
		24D63C192863F0A0001A53FA /* nssl0046.jpg in Resources */ = {isa = PBXBuildFile; fileRef = 24D63C0F2863F0A0001A53FA /* nssl0046.jpg */; };
		24D63C1A2863F0A0001A53FA /* nssl0091.jpg in Resources */ = {isa = PBXBuildFile; fileRef = 24D63C102863F0A0001A53FA /* nssl0091.jpg */; };
		24D63C1C2863F0A0001A53FA /* nssl0043.jpg in Resources */ = {isa = PBXBuildFile; fileRef = 24D63C122863F0A0001A53FA /* nssl0043.jpg */; };
		24D63C1D2863F0A0001A53FA /* nssl0042.jpg in Resources */ = {isa = PBXBuildFile; fileRef = 24D63C132863F0A0001A53FA /* nssl0042.jpg */; };
		24D63C1E2863F0A0001A53FA /* nssl0051.jpg in Resources */ = {isa = PBXBuildFile; fileRef = 24D63C142863F0A0001A53FA /* nssl0051.jpg */; };
		24D63C1F2863F0A0001A53FA /* nssl0041.jpg in Resources */ = {isa = PBXBuildFile; fileRef = 24D63C152863F0A0001A53FA /* nssl0041.jpg */; };
		24D63C202863F0A0001A53FA /* nssl0049.jpg in Resources */ = {isa = PBXBuildFile; fileRef = 24D63C162863F0A0001A53FA /* nssl0049.jpg */; };
		24D63C222863FE6D001A53FA /* NavigationController.swift in Sources */ = {isa = PBXBuildFile; fileRef = 24D63C212863FE6D001A53FA /* NavigationController.swift */; };
		24D63C242864054F001A53FA /* TableViewCell.swift in Sources */ = {isa = PBXBuildFile; fileRef = 24D63C232864054F001A53FA /* TableViewCell.swift */; };
/* End PBXBuildFile section */

/* Begin PBXFileReference section */
		24D63BF12863E77E001A53FA /* project01.app */ = {isa = PBXFileReference; explicitFileType = wrapper.application; includeInIndex = 0; path = project01.app; sourceTree = BUILT_PRODUCTS_DIR; };
		24D63BF42863E77E001A53FA /* AppDelegate.swift */ = {isa = PBXFileReference; lastKnownFileType = sourcecode.swift; path = AppDelegate.swift; sourceTree = "<group>"; };
		24D63BF62863E77E001A53FA /* SceneDelegate.swift */ = {isa = PBXFileReference; lastKnownFileType = sourcecode.swift; path = SceneDelegate.swift; sourceTree = "<group>"; };
		24D63BF82863E77E001A53FA /* ViewController.swift */ = {isa = PBXFileReference; lastKnownFileType = sourcecode.swift; path = ViewController.swift; sourceTree = "<group>"; };
		24D63BFD2863E781001A53FA /* Assets.xcassets */ = {isa = PBXFileReference; lastKnownFileType = folder.assetcatalog; path = Assets.xcassets; sourceTree = "<group>"; };
		24D63C002863E781001A53FA /* Base */ = {isa = PBXFileReference; lastKnownFileType = file.storyboard; name = Base; path = Base.lproj/LaunchScreen.storyboard; sourceTree = "<group>"; };
		24D63C022863E781001A53FA /* Info.plist */ = {isa = PBXFileReference; lastKnownFileType = text.plist.xml; path = Info.plist; sourceTree = "<group>"; };
		24D63C0A2863F03F001A53FA /* nssl0033.jpg */ = {isa = PBXFileReference; lastKnownFileType = image.jpeg; path = nssl0033.jpg; sourceTree = "<group>"; };
		24D63C0D2863F0A0001A53FA /* nssl0034.jpg */ = {isa = PBXFileReference; lastKnownFileType = image.jpeg; path = nssl0034.jpg; sourceTree = "<group>"; };
		24D63C0E2863F0A0001A53FA /* nssl0045.jpg */ = {isa = PBXFileReference; lastKnownFileType = image.jpeg; path = nssl0045.jpg; sourceTree = "<group>"; };
		24D63C0F2863F0A0001A53FA /* nssl0046.jpg */ = {isa = PBXFileReference; lastKnownFileType = image.jpeg; path = nssl0046.jpg; sourceTree = "<group>"; };
		24D63C102863F0A0001A53FA /* nssl0091.jpg */ = {isa = PBXFileReference; lastKnownFileType = image.jpeg; path = nssl0091.jpg; sourceTree = "<group>"; };
		24D63C122863F0A0001A53FA /* nssl0043.jpg */ = {isa = PBXFileReference; lastKnownFileType = image.jpeg; path = nssl0043.jpg; sourceTree = "<group>"; };
		24D63C132863F0A0001A53FA /* nssl0042.jpg */ = {isa = PBXFileReference; lastKnownFileType = image.jpeg; path = nssl0042.jpg; sourceTree = "<group>"; };
		24D63C142863F0A0001A53FA /* nssl0051.jpg */ = {isa = PBXFileReference; lastKnownFileType = image.jpeg; path = nssl0051.jpg; sourceTree = "<group>"; };
		24D63C152863F0A0001A53FA /* nssl0041.jpg */ = {isa = PBXFileReference; lastKnownFileType = image.jpeg; path = nssl0041.jpg; sourceTree = "<group>"; };
		24D63C162863F0A0001A53FA /* nssl0049.jpg */ = {isa = PBXFileReference; lastKnownFileType = image.jpeg; path = nssl0049.jpg; sourceTree = "<group>"; };
		24D63C212863FE6D001A53FA /* NavigationController.swift */ = {isa = PBXFileReference; lastKnownFileType = sourcecode.swift; path = NavigationController.swift; sourceTree = "<group>"; };
		24D63C232864054F001A53FA /* TableViewCell.swift */ = {isa = PBXFileReference; lastKnownFileType = sourcecode.swift; path = TableViewCell.swift; sourceTree = "<group>"; };
/* End PBXFileReference section */

/* Begin PBXFrameworksBuildPhase section */
		24D63BEE2863E77E001A53FA /* Frameworks */ = {
			isa = PBXFrameworksBuildPhase;
			buildActionMask = 2147483647;
			files = (
			);
			runOnlyForDeploymentPostprocessing = 0;
		};
/* End PBXFrameworksBuildPhase section */

/* Begin PBXGroup section */
		24D63BE82863E77E001A53FA = {
			isa = PBXGroup;
			children = (
				24D63BF32863E77E001A53FA /* project01 */,
				24D63BF22863E77E001A53FA /* Products */,
			);
			sourceTree = "<group>";
		};
		24D63BF22863E77E001A53FA /* Products */ = {
			isa = PBXGroup;
			children = (
				24D63BF12863E77E001A53FA /* project01.app */,
			);
			name = Products;
			sourceTree = "<group>";
		};
		24D63BF32863E77E001A53FA /* project01 */ = {
			isa = PBXGroup;
			children = (
				24D63BF42863E77E001A53FA /* AppDelegate.swift */,
				24D63BF62863E77E001A53FA /* SceneDelegate.swift */,
				24D63C212863FE6D001A53FA /* NavigationController.swift */,
				24D63BF82863E77E001A53FA /* ViewController.swift */,
				24D63C232864054F001A53FA /* TableViewCell.swift */,
				24D63C0C2863F04A001A53FA /* Content */,
				24D63BFD2863E781001A53FA /* Assets.xcassets */,
				24D63BFF2863E781001A53FA /* LaunchScreen.storyboard */,
				24D63C022863E781001A53FA /* Info.plist */,
			);
			path = project01;
			sourceTree = "<group>";
		};
		24D63C0C2863F04A001A53FA /* Content */ = {
			isa = PBXGroup;
			children = (
				24D63C0D2863F0A0001A53FA /* nssl0034.jpg */,
				24D63C152863F0A0001A53FA /* nssl0041.jpg */,
				24D63C132863F0A0001A53FA /* nssl0042.jpg */,
				24D63C122863F0A0001A53FA /* nssl0043.jpg */,
				24D63C0E2863F0A0001A53FA /* nssl0045.jpg */,
				24D63C0F2863F0A0001A53FA /* nssl0046.jpg */,
				24D63C162863F0A0001A53FA /* nssl0049.jpg */,
				24D63C142863F0A0001A53FA /* nssl0051.jpg */,
				24D63C102863F0A0001A53FA /* nssl0091.jpg */,
				24D63C0A2863F03F001A53FA /* nssl0033.jpg */,
			);
			path = Content;
			sourceTree = "<group>";
		};
/* End PBXGroup section */

/* Begin PBXNativeTarget section */
		24D63BF02863E77E001A53FA /* project01 */ = {
			isa = PBXNativeTarget;
			buildConfigurationList = 24D63C052863E781001A53FA /* Build configuration list for PBXNativeTarget "project01" */;
			buildPhases = (
				24D63BED2863E77E001A53FA /* Sources */,
				24D63BEE2863E77E001A53FA /* Frameworks */,
				24D63BEF2863E77E001A53FA /* Resources */,
			);
			buildRules = (
			);
			dependencies = (
			);
			name = project01;
			productName = project01;
			productReference = 24D63BF12863E77E001A53FA /* project01.app */;
			productType = "com.apple.product-type.application";
		};
/* End PBXNativeTarget section */

/* Begin PBXProject section */
		24D63BE92863E77E001A53FA /* Project object */ = {
			isa = PBXProject;
			attributes = {
				BuildIndependentTargetsInParallel = 1;
				LastSwiftUpdateCheck = 1340;
				LastUpgradeCheck = 1340;
				TargetAttributes = {
					24D63BF02863E77E001A53FA = {
						CreatedOnToolsVersion = 13.4.1;
					};
				};
			};
			buildConfigurationList = 24D63BEC2863E77E001A53FA /* Build configuration list for PBXProject "project01" */;
			compatibilityVersion = "Xcode 13.0";
			developmentRegion = en;
			hasScannedForEncodings = 0;
			knownRegions = (
				en,
				Base,
			);
			mainGroup = 24D63BE82863E77E001A53FA;
			productRefGroup = 24D63BF22863E77E001A53FA /* Products */;
			projectDirPath = "";
			projectRoot = "";
			targets = (
				24D63BF02863E77E001A53FA /* project01 */,
			);
		};
/* End PBXProject section */

/* Begin PBXResourcesBuildPhase section */
		24D63BEF2863E77E001A53FA /* Resources */ = {
			isa = PBXResourcesBuildPhase;
			buildActionMask = 2147483647;
			files = (
				24D63C1C2863F0A0001A53FA /* nssl0043.jpg in Resources */,
				24D63C1E2863F0A0001A53FA /* nssl0051.jpg in Resources */,
				24D63C172863F0A0001A53FA /* nssl0034.jpg in Resources */,
				24D63C192863F0A0001A53FA /* nssl0046.jpg in Resources */,
				24D63C0B2863F03F001A53FA /* nssl0033.jpg in Resources */,
				24D63C012863E781001A53FA /* LaunchScreen.storyboard in Resources */,
				24D63C1A2863F0A0001A53FA /* nssl0091.jpg in Resources */,
				24D63C1D2863F0A0001A53FA /* nssl0042.jpg in Resources */,
				24D63C202863F0A0001A53FA /* nssl0049.jpg in Resources */,
				24D63C182863F0A0001A53FA /* nssl0045.jpg in Resources */,
				24D63BFE2863E781001A53FA /* Assets.xcassets in Resources */,
				24D63C1F2863F0A0001A53FA /* nssl0041.jpg in Resources */,
			);
			runOnlyForDeploymentPostprocessing = 0;
		};
/* End PBXResourcesBuildPhase section */

/* Begin PBXSourcesBuildPhase section */
		24D63BED2863E77E001A53FA /* Sources */ = {
			isa = PBXSourcesBuildPhase;
			buildActionMask = 2147483647;
			files = (
				24D63C242864054F001A53FA /* TableViewCell.swift in Sources */,
				24D63BF92863E77E001A53FA /* ViewController.swift in Sources */,
				24D63C222863FE6D001A53FA /* NavigationController.swift in Sources */,
				24D63BF52863E77E001A53FA /* AppDelegate.swift in Sources */,
				24D63BF72863E77E001A53FA /* SceneDelegate.swift in Sources */,
			);
			runOnlyForDeploymentPostprocessing = 0;
		};
/* End PBXSourcesBuildPhase section */

/* Begin PBXVariantGroup section */
		24D63BFF2863E781001A53FA /* LaunchScreen.storyboard */ = {
			isa = PBXVariantGroup;
			children = (
				24D63C002863E781001A53FA /* Base */,
			);
			name = LaunchScreen.storyboard;
			sourceTree = "<group>";
		};
/* End PBXVariantGroup section */

/* Begin XCBuildConfiguration section */
		24D63C032863E781001A53FA /* Debug */ = {
			isa = XCBuildConfiguration;
			buildSettings = {
				ALWAYS_SEARCH_USER_PATHS = NO;
				CLANG_ANALYZER_NONNULL = YES;
				CLANG_ANALYZER_NUMBER_OBJECT_CONVERSION = YES_AGGRESSIVE;
				CLANG_CXX_LANGUAGE_STANDARD = "gnu++17";
				CLANG_ENABLE_MODULES = YES;
				CLANG_ENABLE_OBJC_ARC = YES;
				CLANG_ENABLE_OBJC_WEAK = YES;
				CLANG_WARN_BLOCK_CAPTURE_AUTORELEASING = YES;
				CLANG_WARN_BOOL_CONVERSION = YES;
				CLANG_WARN_COMMA = YES;
				CLANG_WARN_CONSTANT_CONVERSION = YES;
				CLANG_WARN_DEPRECATED_OBJC_IMPLEMENTATIONS = YES;
				CLANG_WARN_DIRECT_OBJC_ISA_USAGE = YES_ERROR;
				CLANG_WARN_DOCUMENTATION_COMMENTS = YES;
				CLANG_WARN_EMPTY_BODY = YES;
				CLANG_WARN_ENUM_CONVERSION = YES;
				CLANG_WARN_INFINITE_RECURSION = YES;
				CLANG_WARN_INT_CONVERSION = YES;
				CLANG_WARN_NON_LITERAL_NULL_CONVERSION = YES;
				CLANG_WARN_OBJC_IMPLICIT_RETAIN_SELF = YES;
				CLANG_WARN_OBJC_LITERAL_CONVERSION = YES;
				CLANG_WARN_OBJC_ROOT_CLASS = YES_ERROR;
				CLANG_WARN_QUOTED_INCLUDE_IN_FRAMEWORK_HEADER = YES;
				CLANG_WARN_RANGE_LOOP_ANALYSIS = YES;
				CLANG_WARN_STRICT_PROTOTYPES = YES;
				CLANG_WARN_SUSPICIOUS_MOVE = YES;
				CLANG_WARN_UNGUARDED_AVAILABILITY = YES_AGGRESSIVE;
				CLANG_WARN_UNREACHABLE_CODE = YES;
				CLANG_WARN__DUPLICATE_METHOD_MATCH = YES;
				COPY_PHASE_STRIP = NO;
				DEBUG_INFORMATION_FORMAT = dwarf;
				ENABLE_STRICT_OBJC_MSGSEND = YES;
				ENABLE_TESTABILITY = YES;
				GCC_C_LANGUAGE_STANDARD = gnu11;
				GCC_DYNAMIC_NO_PIC = NO;
				GCC_NO_COMMON_BLOCKS = YES;
				GCC_OPTIMIZATION_LEVEL = 0;
				GCC_PREPROCESSOR_DEFINITIONS = (
					"DEBUG=1",
					"$(inherited)",
				);
				GCC_WARN_64_TO_32_BIT_CONVERSION = YES;
				GCC_WARN_ABOUT_RETURN_TYPE = YES_ERROR;
				GCC_WARN_UNDECLARED_SELECTOR = YES;
				GCC_WARN_UNINITIALIZED_AUTOS = YES_AGGRESSIVE;
				GCC_WARN_UNUSED_FUNCTION = YES;
				GCC_WARN_UNUSED_VARIABLE = YES;
				IPHONEOS_DEPLOYMENT_TARGET = 15.5;
				MTL_ENABLE_DEBUG_INFO = INCLUDE_SOURCE;
				MTL_FAST_MATH = YES;
				ONLY_ACTIVE_ARCH = YES;
				SDKROOT = iphoneos;
				SWIFT_ACTIVE_COMPILATION_CONDITIONS = DEBUG;
				SWIFT_OPTIMIZATION_LEVEL = "-Onone";
			};
			name = Debug;
		};
		24D63C042863E781001A53FA /* Release */ = {
			isa = XCBuildConfiguration;
			buildSettings = {
				ALWAYS_SEARCH_USER_PATHS = NO;
				CLANG_ANALYZER_NONNULL = YES;
				CLANG_ANALYZER_NUMBER_OBJECT_CONVERSION = YES_AGGRESSIVE;
				CLANG_CXX_LANGUAGE_STANDARD = "gnu++17";
				CLANG_ENABLE_MODULES = YES;
				CLANG_ENABLE_OBJC_ARC = YES;
				CLANG_ENABLE_OBJC_WEAK = YES;
				CLANG_WARN_BLOCK_CAPTURE_AUTORELEASING = YES;
				CLANG_WARN_BOOL_CONVERSION = YES;
				CLANG_WARN_COMMA = YES;
				CLANG_WARN_CONSTANT_CONVERSION = YES;
				CLANG_WARN_DEPRECATED_OBJC_IMPLEMENTATIONS = YES;
				CLANG_WARN_DIRECT_OBJC_ISA_USAGE = YES_ERROR;
				CLANG_WARN_DOCUMENTATION_COMMENTS = YES;
				CLANG_WARN_EMPTY_BODY = YES;
				CLANG_WARN_ENUM_CONVERSION = YES;
				CLANG_WARN_INFINITE_RECURSION = YES;
				CLANG_WARN_INT_CONVERSION = YES;
				CLANG_WARN_NON_LITERAL_NULL_CONVERSION = YES;
				CLANG_WARN_OBJC_IMPLICIT_RETAIN_SELF = YES;
				CLANG_WARN_OBJC_LITERAL_CONVERSION = YES;
				CLANG_WARN_OBJC_ROOT_CLASS = YES_ERROR;
				CLANG_WARN_QUOTED_INCLUDE_IN_FRAMEWORK_HEADER = YES;
				CLANG_WARN_RANGE_LOOP_ANALYSIS = YES;
				CLANG_WARN_STRICT_PROTOTYPES = YES;
				CLANG_WARN_SUSPICIOUS_MOVE = YES;
				CLANG_WARN_UNGUARDED_AVAILABILITY = YES_AGGRESSIVE;
				CLANG_WARN_UNREACHABLE_CODE = YES;
				CLANG_WARN__DUPLICATE_METHOD_MATCH = YES;
				COPY_PHASE_STRIP = NO;
				DEBUG_INFORMATION_FORMAT = "dwarf-with-dsym";
				ENABLE_NS_ASSERTIONS = NO;
				ENABLE_STRICT_OBJC_MSGSEND = YES;
				GCC_C_LANGUAGE_STANDARD = gnu11;
				GCC_NO_COMMON_BLOCKS = YES;
				GCC_WARN_64_TO_32_BIT_CONVERSION = YES;
				GCC_WARN_ABOUT_RETURN_TYPE = YES_ERROR;
				GCC_WARN_UNDECLARED_SELECTOR = YES;
				GCC_WARN_UNINITIALIZED_AUTOS = YES_AGGRESSIVE;
				GCC_WARN_UNUSED_FUNCTION = YES;
				GCC_WARN_UNUSED_VARIABLE = YES;
				IPHONEOS_DEPLOYMENT_TARGET = 15.5;
				MTL_ENABLE_DEBUG_INFO = NO;
				MTL_FAST_MATH = YES;
				SDKROOT = iphoneos;
				SWIFT_COMPILATION_MODE = wholemodule;
				SWIFT_OPTIMIZATION_LEVEL = "-O";
				VALIDATE_PRODUCT = YES;
			};
			name = Release;
		};
		24D63C062863E781001A53FA /* Debug */ = {
			isa = XCBuildConfiguration;
			buildSettings = {
				ASSETCATALOG_COMPILER_APPICON_NAME = AppIcon;
				ASSETCATALOG_COMPILER_GLOBAL_ACCENT_COLOR_NAME = AccentColor;
				CODE_SIGN_STYLE = Automatic;
				CURRENT_PROJECT_VERSION = 1;
				DEVELOPMENT_TEAM = WA88YFL86G;
				GENERATE_INFOPLIST_FILE = YES;
				INFOPLIST_FILE = project01/Info.plist;
				INFOPLIST_KEY_UIApplicationSupportsIndirectInputEvents = YES;
				INFOPLIST_KEY_UILaunchStoryboardName = LaunchScreen;
				INFOPLIST_KEY_UISupportedInterfaceOrientations_iPad = "UIInterfaceOrientationPortrait UIInterfaceOrientationPortraitUpsideDown UIInterfaceOrientationLandscapeLeft UIInterfaceOrientationLandscapeRight";
				INFOPLIST_KEY_UISupportedInterfaceOrientations_iPhone = "UIInterfaceOrientationPortrait UIInterfaceOrientationLandscapeLeft UIInterfaceOrientationLandscapeRight";
				LD_RUNPATH_SEARCH_PATHS = (
					"$(inherited)",
					"@executable_path/Frameworks",
				);
				MARKETING_VERSION = 1.0;
				PRODUCT_BUNDLE_IDENTIFIER = com.fernando.project01;
				PRODUCT_NAME = "$(TARGET_NAME)";
				SWIFT_EMIT_LOC_STRINGS = YES;
				SWIFT_VERSION = 5.0;
				TARGETED_DEVICE_FAMILY = "1,2";
			};
			name = Debug;
		};
		24D63C072863E781001A53FA /* Release */ = {
			isa = XCBuildConfiguration;
			buildSettings = {
				ASSETCATALOG_COMPILER_APPICON_NAME = AppIcon;
				ASSETCATALOG_COMPILER_GLOBAL_ACCENT_COLOR_NAME = AccentColor;
				CODE_SIGN_STYLE = Automatic;
				CURRENT_PROJECT_VERSION = 1;
				DEVELOPMENT_TEAM = WA88YFL86G;
				GENERATE_INFOPLIST_FILE = YES;
				INFOPLIST_FILE = project01/Info.plist;
				INFOPLIST_KEY_UIApplicationSupportsIndirectInputEvents = YES;
				INFOPLIST_KEY_UILaunchStoryboardName = LaunchScreen;
				INFOPLIST_KEY_UISupportedInterfaceOrientations_iPad = "UIInterfaceOrientationPortrait UIInterfaceOrientationPortraitUpsideDown UIInterfaceOrientationLandscapeLeft UIInterfaceOrientationLandscapeRight";
				INFOPLIST_KEY_UISupportedInterfaceOrientations_iPhone = "UIInterfaceOrientationPortrait UIInterfaceOrientationLandscapeLeft UIInterfaceOrientationLandscapeRight";
				LD_RUNPATH_SEARCH_PATHS = (
					"$(inherited)",
					"@executable_path/Frameworks",
				);
				MARKETING_VERSION = 1.0;
				PRODUCT_BUNDLE_IDENTIFIER = com.fernando.project01;
				PRODUCT_NAME = "$(TARGET_NAME)";
				SWIFT_EMIT_LOC_STRINGS = YES;
				SWIFT_VERSION = 5.0;
				TARGETED_DEVICE_FAMILY = "1,2";
			};
			name = Release;
		};
/* End XCBuildConfiguration section */

/* Begin XCConfigurationList section */
		24D63BEC2863E77E001A53FA /* Build configuration list for PBXProject "project01" */ = {
			isa = XCConfigurationList;
			buildConfigurations = (
				24D63C032863E781001A53FA /* Debug */,
				24D63C042863E781001A53FA /* Release */,
			);
			defaultConfigurationIsVisible = 0;
			defaultConfigurationName = Release;
		};
		24D63C052863E781001A53FA /* Build configuration list for PBXNativeTarget "project01" */ = {
			isa = XCConfigurationList;
			buildConfigurations = (
				24D63C062863E781001A53FA /* Debug */,
				24D63C072863E781001A53FA /* Release */,
			);
			defaultConfigurationIsVisible = 0;
			defaultConfigurationName = Release;
		};
/* End XCConfigurationList section */
	};
	rootObject = 24D63BE92863E77E001A53FA /* Project object */;
}
